# This file is automatically @generated by Cargo.
# It is not intended for manual editing.
version = 4

[[package]]
name = "app-api"
version = "0.1.0"
dependencies = [
 "config-core",
 "solver-core",
]

[[package]]
name = "config-core"
version = "0.1.0"
dependencies = [
 "poker-core",
 "range-core",
]

[[package]]
name = "equity-core"
version = "0.1.0"
dependencies = [
 "poker-core",
]

[[package]]
name = "job-core"
version = "0.1.0"

[[package]]
name = "poker-core"
version = "0.1.0"

[[package]]
name = "range-core"
version = "0.1.0"
dependencies = [
 "poker-core",
]

[[package]]
name = "solve-cache"
version = "0.1.0"

[[package]]
name = "solver-core"
version = "0.1.0"
dependencies = [
 "config-core",
 "equity-core",
 "poker-core",
 "range-core",
 "tree-core",
]

[[package]]
name = "tree-core"
version = "0.1.0"
dependencies = [
 "config-core",
 "poker-core",
 "range-core",
]
